
Microsoft Visual Studio Solution File, Format Version 12.00
# Visual Studio Version 17
VisualStudioVersion = 17.12.35527.113
MinimumVisualStudioVersion = 10.0.40219.1
Project("{FAE04EC0-301F-11D3-BF4B-00C04F79EFBC}") = "AK.BlogWebApp.Application", "Blog.Server\AK.BlogWebApp.Application\AK.BlogWebApp.Application.csproj", "{82C2F282-1EF3-46C4-B0A8-51AC31CD0FF0}"
EndProject
Project("{FAE04EC0-301F-11D3-BF4B-00C04F79EFBC}") = "AK.BlogWebApp.Domain", "Blog.Server\AK.BlogWebApp.Domain\AK.BlogWebApp.Domain.csproj", "{27C50F5D-7064-4BC0-918E-9A655EA2AD64}"
EndProject
Project("{FAE04EC0-301F-11D3-BF4B-00C04F79EFBC}") = "AK.BlogWebApp.Infrastructure", "Blog.Server\AK.BlogWebApp.Infrastructure\AK.BlogWebApp.Infrastructure.csproj", "{1A448269-4FAA-4CE8-A629-08306948E697}"
EndProject
Project("{FAE04EC0-301F-11D3-BF4B-00C04F79EFBC}") = "AK.BlogWebApp.WebAPI", "Blog.Server\AK.BlogWebApp.WebAPI\AK.BlogWebApp.WebAPI.csproj", "{3ABCF645-DE32-4927-B8CB-0E48605F0B21}"
EndProject
Global
	GlobalSection(SolutionConfigurationPlatforms) = preSolution
		Debug|Any CPU = Debug|Any CPU
		Release|Any CPU = Release|Any CPU
	EndGlobalSection
	GlobalSection(ProjectConfigurationPlatforms) = postSolution
		{82C2F282-1EF3-46C4-B0A8-51AC31CD0FF0}.Debug|Any CPU.ActiveCfg = Debug|Any CPU
		{82C2F282-1EF3-46C4-B0A8-51AC31CD0FF0}.Debug|Any CPU.Build.0 = Debug|Any CPU
		{82C2F282-1EF3-46C4-B0A8-51AC31CD0FF0}.Release|Any CPU.ActiveCfg = Release|Any CPU
		{82C2F282-1EF3-46C4-B0A8-51AC31CD0FF0}.Release|Any CPU.Build.0 = Release|Any CPU
		{27C50F5D-7064-4BC0-918E-9A655EA2AD64}.Debug|Any CPU.ActiveCfg = Debug|Any CPU
		{27C50F5D-7064-4BC0-918E-9A655EA2AD64}.Debug|Any CPU.Build.0 = Debug|Any CPU
		{27C50F5D-7064-4BC0-918E-9A655EA2AD64}.Release|Any CPU.ActiveCfg = Release|Any CPU
		{27C50F5D-7064-4BC0-918E-9A655EA2AD64}.Release|Any CPU.Build.0 = Release|Any CPU
		{1A448269-4FAA-4CE8-A629-08306948E697}.Debug|Any CPU.ActiveCfg = Debug|Any CPU
		{1A448269-4FAA-4CE8-A629-08306948E697}.Debug|Any CPU.Build.0 = Debug|Any CPU
		{1A448269-4FAA-4CE8-A629-08306948E697}.Release|Any CPU.ActiveCfg = Release|Any CPU
		{1A448269-4FAA-4CE8-A629-08306948E697}.Release|Any CPU.Build.0 = Release|Any CPU
		{3ABCF645-DE32-4927-B8CB-0E48605F0B21}.Debug|Any CPU.ActiveCfg = Debug|Any CPU
		{3ABCF645-DE32-4927-B8CB-0E48605F0B21}.Debug|Any CPU.Build.0 = Debug|Any CPU
		{3ABCF645-DE32-4927-B8CB-0E48605F0B21}.Release|Any CPU.ActiveCfg = Release|Any CPU
		{3ABCF645-DE32-4927-B8CB-0E48605F0B21}.Release|Any CPU.Build.0 = Release|Any CPU
	EndGlobalSection
	GlobalSection(SolutionProperties) = preSolution
		HideSolutionNode = FALSE
	EndGlobalSection
EndGlobal
